// !$*UTF8*$!
{
	archiveVersion = 1;
	classes = {};
	objectVersion = 60;
	objects = {

/* Begin PBXBuildFile section */
		100000000000000000000001 /* main.swift in Sources */ = {isa = PBXBuildFile; fileRef = 200000000000000000000001 /* main.swift */; };
		100000000000000000000010 /* SettingsView.swift in Sources */ = {isa = PBXBuildFile; fileRef = 200000000000000000000010 /* SettingsView.swift */; };
		100000000000000000000011 /* LocalBatteryService.swift in Sources */ = {isa = PBXBuildFile; fileRef = 200000000000000000000011 /* LocalBatteryService.swift */; };
		100000000000000000000014 /* BatteryStatusImage.swift in Sources */ = {isa = PBXBuildFile; fileRef = 200000000000000000000014 /* BatteryStatusImage.swift */; };
		10000000000000000000000A /* BatteryUI in Frameworks */ = {isa = PBXBuildFile; productRef = 900000000000000000000001 /* BatteryUI */; };
		100000000000000000000012 /* BatteryCore in Frameworks */ = {isa = PBXBuildFile; productRef = 900000000000000000000006 /* BatteryCore */; };
		100000000000000000000013 /* BatteryData in Frameworks */ = {isa = PBXBuildFile; productRef = 900000000000000000000007 /* BatteryData */; };
/* End PBXBuildFile section */

/* Begin PBXFileReference section */
		200000000000000000000001 /* main.swift */ = {isa = PBXFileReference; lastKnownFileType = sourcecode.swift; path = Sources/App/main.swift; sourceTree = SOURCE_ROOT; };
		200000000000000000000010 /* SettingsView.swift */ = {isa = PBXFileReference; lastKnownFileType = sourcecode.swift; path = Sources/App/SettingsView.swift; sourceTree = SOURCE_ROOT; };
		200000000000000000000011 /* LocalBatteryService.swift */ = {isa = PBXFileReference; lastKnownFileType = sourcecode.swift; path = Sources/App/LocalBatteryService.swift; sourceTree = SOURCE_ROOT; };
		200000000000000000000014 /* BatteryStatusImage.swift */ = {isa = PBXFileReference; lastKnownFileType = sourcecode.swift; path = Sources/App/BatteryStatusImage.swift; sourceTree = SOURCE_ROOT; };
		200000000000000000000008 /* App-Info.plist */ = {isa = PBXFileReference; lastKnownFileType = text.plist.xml; path = Configuration/App-Info.plist; sourceTree = SOURCE_ROOT; };
		20000000000000000000000C /* BatteryIndicator.app */ = {isa = PBXFileReference; explicitFileType = wrapper.application; includeInIndex = 0; path = BatteryIndicator.app; sourceTree = BUILT_PRODUCTS_DIR; };
/* End PBXFileReference section */

/* Begin PBXFrameworksBuildPhase section */
		300000000000000000000002 /* Frameworks */ = {
			isa = PBXFrameworksBuildPhase;
			buildActionMask = 2147483647;
			files = (
				10000000000000000000000A /* BatteryUI in Frameworks */,
				100000000000000000000012 /* BatteryCore in Frameworks */,
				100000000000000000000013 /* BatteryData in Frameworks */,
			);
			runOnlyForDeploymentPostprocessing = 0;
		};
/* End PBXFrameworksBuildPhase section */

/* Begin PBXGroup section */
		400000000000000000000001 = {
			isa = PBXGroup;
			children = (
				400000000000000000000002 /* App */,
				400000000000000000000004 /* Configuration */,
				400000000000000000000005 /* Products */,
			);
			sourceTree = "<group>";
		};
		400000000000000000000002 /* App */ = {
			isa = PBXGroup;
			children = (
				200000000000000000000001 /* main.swift */,
				200000000000000000000010 /* SettingsView.swift */,
				200000000000000000000011 /* LocalBatteryService.swift */,
				200000000000000000000014 /* BatteryStatusImage.swift */,
			);
			name = App;
			sourceTree = "<group>";
		};
		400000000000000000000004 /* Configuration */ = {
			isa = PBXGroup;
			children = (
				200000000000000000000008 /* App-Info.plist */,
			);
			name = Configuration;
			sourceTree = "<group>";
		};
		400000000000000000000005 /* Products */ = {
			isa = PBXGroup;
			children = (
				20000000000000000000000C /* BatteryIndicator.app */,
			);
			name = Products;
			sourceTree = "<group>";
		};
/* End PBXGroup section */

/* Begin PBXNativeTarget section */
		600000000000000000000001 /* BatteryIndicator */ = {
			isa = PBXNativeTarget;
			buildConfigurationList = 800000000000000000000002 /* Build configuration list for PBXNativeTarget BatteryIndicator */;
			buildPhases = (
				300000000000000000000001 /* Sources */,
				300000000000000000000002 /* Frameworks */,
			);
			buildRules = ();
			dependencies = ();
			name = BatteryIndicator;
			packageProductDependencies = (
				900000000000000000000001 /* BatteryUI */,
				900000000000000000000006 /* BatteryCore */,
				900000000000000000000007 /* BatteryData */,
			);
			productName = BatteryIndicator;
			productReference = 20000000000000000000000C /* BatteryIndicator.app */;
			productType = "com.apple.product-type.application";
		};
/* End PBXNativeTarget section */

/* Begin PBXProject section */
		500000000000000000000001 /* Project object */ = {
			isa = PBXProject;
			attributes = {
				BuildIndependentTargetsInParallel = YES;
				LastSwiftUpdateCheck = 2600;
				LastUpgradeCheck = 2600;
				TargetAttributes = {
					600000000000000000000001 = {CreatedOnToolsVersion = 26.0; };
				};
			};
			buildConfigurationList = 800000000000000000000001 /* Build configuration list for PBXProject BatteryIndicator */;
			compatibilityVersion = "Xcode 15.0";
			developmentRegion = en;
			hasScannedForEncodings = 0;
			knownRegions = (en, Base, );
			mainGroup = 400000000000000000000001;
			packageReferences = (A00000000000000000000001 /* XCLocalSwiftPackageReference "." */, );
			productRefGroup = 400000000000000000000005 /* Products */;
			projectDirPath = "";
			projectRoot = "";
			targets = (
				600000000000000000000001 /* BatteryIndicator */,
			);
		};
/* End PBXProject section */

/* Begin PBXSourcesBuildPhase section */
		300000000000000000000001 /* Sources */ = {
			isa = PBXSourcesBuildPhase;
			buildActionMask = 2147483647;
			files = (
				100000000000000000000001 /* main.swift in Sources */,
				100000000000000000000010 /* SettingsView.swift in Sources */,
				100000000000000000000011 /* LocalBatteryService.swift in Sources */,
				100000000000000000000014 /* BatteryStatusImage.swift in Sources */,
			);
			runOnlyForDeploymentPostprocessing = 0;
		};
/* End PBXSourcesBuildPhase section */

/* Begin XCBuildConfiguration section */
		B00000000000000000000001 /* Debug */ = {isa = XCBuildConfiguration; buildSettings = {ARCHS = arm64; CLANG_ENABLE_MODULES = YES; MACOSX_DEPLOYMENT_TARGET = 27.0; SDKROOT = macosx; SWIFT_VERSION = 5.0; }; name = Debug; };
		B00000000000000000000002 /* Release */ = {isa = XCBuildConfiguration; buildSettings = {ARCHS = arm64; CLANG_ENABLE_MODULES = YES; MACOSX_DEPLOYMENT_TARGET = 27.0; SDKROOT = macosx; SWIFT_COMPILATION_MODE = wholemodule; SWIFT_OPTIMIZATION_LEVEL = "-O"; SWIFT_VERSION = 5.0; }; name = Release; };
		B00000000000000000000003 /* Debug */ = {isa = XCBuildConfiguration; buildSettings = {CODE_SIGN_IDENTITY = "-"; CODE_SIGN_STYLE = Manual; ENABLE_HARDENED_RUNTIME = YES; INFOPLIST_FILE = Configuration/App-Info.plist; MACOSX_DEPLOYMENT_TARGET = 27.0; PRODUCT_BUNDLE_IDENTIFIER = com.mathias.BatteryIndicator; PRODUCT_NAME = "$(TARGET_NAME)"; SWIFT_VERSION = 5.0; }; name = Debug; };
		B00000000000000000000004 /* Release */ = {isa = XCBuildConfiguration; buildSettings = {CODE_SIGN_IDENTITY = "-"; CODE_SIGN_STYLE = Manual; ENABLE_HARDENED_RUNTIME = YES; INFOPLIST_FILE = Configuration/App-Info.plist; MACOSX_DEPLOYMENT_TARGET = 27.0; PRODUCT_BUNDLE_IDENTIFIER = com.mathias.BatteryIndicator; PRODUCT_NAME = "$(TARGET_NAME)"; SWIFT_VERSION = 5.0; }; name = Release; };
/* End XCBuildConfiguration section */

/* Begin XCConfigurationList section */
		800000000000000000000001 /* Build configuration list for PBXProject BatteryIndicator */ = {isa = XCConfigurationList; buildConfigurations = (B00000000000000000000001 /* Debug */, B00000000000000000000002 /* Release */, ); defaultConfigurationIsVisible = 0; defaultConfigurationName = Release; };
		800000000000000000000002 /* Build configuration list for PBXNativeTarget BatteryIndicator */ = {isa = XCConfigurationList; buildConfigurations = (B00000000000000000000003 /* Debug */, B00000000000000000000004 /* Release */, ); defaultConfigurationIsVisible = 0; defaultConfigurationName = Release; };
/* End XCConfigurationList section */

/* Begin XCLocalSwiftPackageReference section */
		A00000000000000000000001 /* XCLocalSwiftPackageReference "." */ = {isa = XCLocalSwiftPackageReference; relativePath = "."; };
/* End XCLocalSwiftPackageReference section */

/* Begin XCSwiftPackageProductDependency section */
		900000000000000000000001 /* BatteryUI */ = {isa = XCSwiftPackageProductDependency; package = A00000000000000000000001 /* XCLocalSwiftPackageReference "." */; productName = BatteryUI; };
		900000000000000000000006 /* BatteryCore */ = {isa = XCSwiftPackageProductDependency; package = A00000000000000000000001 /* XCLocalSwiftPackageReference "." */; productName = BatteryCore; };
		900000000000000000000007 /* BatteryData */ = {isa = XCSwiftPackageProductDependency; package = A00000000000000000000001 /* XCLocalSwiftPackageReference "." */; productName = BatteryData; };
/* End XCSwiftPackageProductDependency section */
	};
	rootObject = 500000000000000000000001 /* Project object */;
}
